
Microsoft Visual Studio Solution File, Format Version 12.00
# Visual Studio Version 17
VisualStudioVersion = 17.6.33829.357
MinimumVisualStudioVersion = 10.0.40219.1
Project("{FAE04EC0-301F-11D3-BF4B-00C04F79EFBC}") = "CSharp_listboxname", "CSharp_listboxname.csproj", "{4F5B9531-4C4B-4423-B106-A7C72F738F49}"
EndProject
Global
	GlobalSection(SolutionConfigurationPlatforms) = preSolution
		Debug|Any CPU = Debug|Any CPU
		Release|Any CPU = Release|Any CPU
	EndGlobalSection
	GlobalSection(ProjectConfigurationPlatforms) = postSolution
		{4F5B9531-4C4B-4423-B106-A7C72F738F49}.Debug|Any CPU.ActiveCfg = Debug|Any CPU
		{4F5B9531-4C4B-4423-B106-A7C72F738F49}.Debug|Any CPU.Build.0 = Debug|Any CPU
		{4F5B9531-4C4B-4423-B106-A7C72F738F49}.Release|Any CPU.ActiveCfg = Release|Any CPU
		{4F5B9531-4C4B-4423-B106-A7C72F738F49}.Release|Any CPU.Build.0 = Release|Any CPU
	EndGlobalSection
	GlobalSection(SolutionProperties) = preSolution
		HideSolutionNode = FALSE
	EndGlobalSection
	GlobalSection(ExtensibilityGlobals) = postSolution
		SolutionGuid = {0F1FC008-057B-4C1D-91FF-F2BAF39A1A7C}
	EndGlobalSection
EndGlobal
